
Microsoft Visual Studio Solution File, Format Version 12.00
# Visual Studio 14
VisualStudioVersion = 14.0.25420.1
MinimumVisualStudioVersion = 10.0.40219.1
Project("{FAE04EC0-301F-11D3-BF4B-00C04F79EFBC}") = "Facepunch.Parse", "Facepunch.Parse\Facepunch.Parse.csproj", "{AB7E84AB-13E3-45BB-A743-A7FD27434FD0}"
EndProject
Project("{FAE04EC0-301F-11D3-BF4B-00C04F79EFBC}") = "Facepunch.Parse.Test", "Facepunch.Parse.Test\Facepunch.Parse.Test.csproj", "{203CBBF5-1BE1-4665-9047-2BE15F5D6088}"
EndProject
Global
	GlobalSection(SolutionConfigurationPlatforms) = preSolution
		Debug|Any CPU = Debug|Any CPU
		Release|Any CPU = Release|Any CPU
	EndGlobalSection
	GlobalSection(ProjectConfigurationPlatforms) = postSolution
		{AB7E84AB-13E3-45BB-A743-A7FD27434FD0}.Debug|Any CPU.ActiveCfg = Debug|Any CPU
		{AB7E84AB-13E3-45BB-A743-A7FD27434FD0}.Debug|Any CPU.Build.0 = Debug|Any CPU
		{AB7E84AB-13E3-45BB-A743-A7FD27434FD0}.Release|Any CPU.ActiveCfg = Release|Any CPU
		{AB7E84AB-13E3-45BB-A743-A7FD27434FD0}.Release|Any CPU.Build.0 = Release|Any CPU
		{203CBBF5-1BE1-4665-9047-2BE15F5D6088}.Debug|Any CPU.ActiveCfg = Debug|Any CPU
		{203CBBF5-1BE1-4665-9047-2BE15F5D6088}.Debug|Any CPU.Build.0 = Debug|Any CPU
		{203CBBF5-1BE1-4665-9047-2BE15F5D6088}.Release|Any CPU.ActiveCfg = Release|Any CPU
		{203CBBF5-1BE1-4665-9047-2BE15F5D6088}.Release|Any CPU.Build.0 = Release|Any CPU
	EndGlobalSection
	GlobalSection(SolutionProperties) = preSolution
		HideSolutionNode = FALSE
	EndGlobalSection
EndGlobal
